
Microsoft Visual Studio Solution File, Format Version 12.00
# Visual Studio Version 16
VisualStudioVersion = 16.0.30517.126
MinimumVisualStudioVersion = 10.0.40219.1
Project("{FAE04EC0-301F-11D3-BF4B-00C04F79EFBC}") = "BankSys", "BankSys\BankSys.csproj", "{E51200CD-C107-4F54-8972-A248C454C24A}"
EndProject
Global
	GlobalSection(SolutionConfigurationPlatforms) = preSolution
		Debug|Any CPU = Debug|Any CPU
		Release|Any CPU = Release|Any CPU
	EndGlobalSection
	GlobalSection(ProjectConfigurationPlatforms) = postSolution
		{E51200CD-C107-4F54-8972-A248C454C24A}.Debug|Any CPU.ActiveCfg = Debug|Any CPU
		{E51200CD-C107-4F54-8972-A248C454C24A}.Debug|Any CPU.Build.0 = Debug|Any CPU
		{E51200CD-C107-4F54-8972-A248C454C24A}.Release|Any CPU.ActiveCfg = Release|Any CPU
		{E51200CD-C107-4F54-8972-A248C454C24A}.Release|Any CPU.Build.0 = Release|Any CPU
	EndGlobalSection
	GlobalSection(SolutionProperties) = preSolution
		HideSolutionNode = FALSE
	EndGlobalSection
	GlobalSection(ExtensibilityGlobals) = postSolution
		SolutionGuid = {5AD08B71-7013-4571-9705-B784D91B3FF9}
	EndGlobalSection
EndGlobal
